// !$*UTF8*$!
{
	archiveVersion = 1;
	classes = {
	};
	objectVersion = 46;
	objects = {

/* Begin PBXBuildFile section */
		CA2EC3391F29B53000680F1D /* AppDelegate.swift in Sources */ = {isa = PBXBuildFile; fileRef = CA2EC3381F29B53000680F1D /* AppDelegate.swift */; };
		CA2EC33B1F29B53000680F1D /* ViewController.swift in Sources */ = {isa = PBXBuildFile; fileRef = CA2EC33A1F29B53000680F1D /* ViewController.swift */; };
		CA2EC33E1F29B53000680F1D /* Main.storyboard in Resources */ = {isa = PBXBuildFile; fileRef = CA2EC33C1F29B53000680F1D /* Main.storyboard */; };
		CA2EC3401F29B53000680F1D /* Assets.xcassets in Resources */ = {isa = PBXBuildFile; fileRef = CA2EC33F1F29B53000680F1D /* Assets.xcassets */; };
		CA2EC3431F29B53000680F1D /* LaunchScreen.storyboard in Resources */ = {isa = PBXBuildFile; fileRef = CA2EC3411F29B53000680F1D /* LaunchScreen.storyboard */; };
		CA3E6F291F2AF91A001324BC /* TimeDataTableViewController.swift in Sources */ = {isa = PBXBuildFile; fileRef = CA3E6F281F2AF91A001324BC /* TimeDataTableViewController.swift */; };
		CA3E6F2B1F2B0457001324BC /* MyData.swift in Sources */ = {isa = PBXBuildFile; fileRef = CA3E6F2A1F2B0457001324BC /* MyData.swift */; };
		CA3E6F2D1F2B0502001324BC /* MyDataCollection.swift in Sources */ = {isa = PBXBuildFile; fileRef = CA3E6F2C1F2B0502001324BC /* MyDataCollection.swift */; };
/* End PBXBuildFile section */

/* Begin PBXFileReference section */
		CA2EC3351F29B53000680F1D /* Timer.app */ = {isa = PBXFileReference; explicitFileType = wrapper.application; includeInIndex = 0; path = Timer.app; sourceTree = BUILT_PRODUCTS_DIR; };
		CA2EC3381F29B53000680F1D /* AppDelegate.swift */ = {isa = PBXFileReference; lastKnownFileType = sourcecode.swift; path = AppDelegate.swift; sourceTree = "<group>"; };
		CA2EC33A1F29B53000680F1D /* ViewController.swift */ = {isa = PBXFileReference; lastKnownFileType = sourcecode.swift; path = ViewController.swift; sourceTree = "<group>"; };
		CA2EC33D1F29B53000680F1D /* Base */ = {isa = PBXFileReference; lastKnownFileType = file.storyboard; name = Base; path = Base.lproj/Main.storyboard; sourceTree = "<group>"; };
		CA2EC33F1F29B53000680F1D /* Assets.xcassets */ = {isa = PBXFileReference; lastKnownFileType = folder.assetcatalog; path = Assets.xcassets; sourceTree = "<group>"; };
		CA2EC3421F29B53000680F1D /* Base */ = {isa = PBXFileReference; lastKnownFileType = file.storyboard; name = Base; path = Base.lproj/LaunchScreen.storyboard; sourceTree = "<group>"; };
		CA2EC3441F29B53000680F1D /* Info.plist */ = {isa = PBXFileReference; lastKnownFileType = text.plist.xml; path = Info.plist; sourceTree = "<group>"; };
		CA3E6F281F2AF91A001324BC /* TimeDataTableViewController.swift */ = {isa = PBXFileReference; fileEncoding = 4; lastKnownFileType = sourcecode.swift; path = TimeDataTableViewController.swift; sourceTree = "<group>"; };
		CA3E6F2A1F2B0457001324BC /* MyData.swift */ = {isa = PBXFileReference; fileEncoding = 4; lastKnownFileType = sourcecode.swift; path = MyData.swift; sourceTree = "<group>"; };
		CA3E6F2C1F2B0502001324BC /* MyDataCollection.swift */ = {isa = PBXFileReference; fileEncoding = 4; lastKnownFileType = sourcecode.swift; path = MyDataCollection.swift; sourceTree = "<group>"; };
/* End PBXFileReference section */

/* Begin PBXFrameworksBuildPhase section */
		CA2EC3321F29B53000680F1D /* Frameworks */ = {
			isa = PBXFrameworksBuildPhase;
			buildActionMask = 2147483647;
			files = (
			);
			runOnlyForDeploymentPostprocessing = 0;
		};
/* End PBXFrameworksBuildPhase section */

/* Begin PBXGroup section */
		CA2EC32C1F29B53000680F1D = {
			isa = PBXGroup;
			children = (
				CA2EC3371F29B53000680F1D /* Timer */,
				CA2EC3361F29B53000680F1D /* Products */,
			);
			sourceTree = "<group>";
		};
		CA2EC3361F29B53000680F1D /* Products */ = {
			isa = PBXGroup;
			children = (
				CA2EC3351F29B53000680F1D /* Timer.app */,
			);
			name = Products;
			sourceTree = "<group>";
		};
		CA2EC3371F29B53000680F1D /* Timer */ = {
			isa = PBXGroup;
			children = (
				CA2EC3381F29B53000680F1D /* AppDelegate.swift */,
				CA3E6F2E1F2B0513001324BC /* Model */,
				CA3E6F2F1F2B0523001324BC /* Controller */,
				CA2EC33C1F29B53000680F1D /* Main.storyboard */,
				CA2EC33F1F29B53000680F1D /* Assets.xcassets */,
				CA2EC3411F29B53000680F1D /* LaunchScreen.storyboard */,
				CA2EC3441F29B53000680F1D /* Info.plist */,
			);
			path = Timer;
			sourceTree = "<group>";
		};
		CA3E6F2E1F2B0513001324BC /* Model */ = {
			isa = PBXGroup;
			children = (
				CA3E6F2A1F2B0457001324BC /* MyData.swift */,
				CA3E6F2C1F2B0502001324BC /* MyDataCollection.swift */,
			);
			name = Model;
			sourceTree = "<group>";
		};
		CA3E6F2F1F2B0523001324BC /* Controller */ = {
			isa = PBXGroup;
			children = (
				CA2EC33A1F29B53000680F1D /* ViewController.swift */,
				CA3E6F281F2AF91A001324BC /* TimeDataTableViewController.swift */,
			);
			name = Controller;
			sourceTree = "<group>";
		};
/* End PBXGroup section */

/* Begin PBXNativeTarget section */
		CA2EC3341F29B53000680F1D /* Timer */ = {
			isa = PBXNativeTarget;
			buildConfigurationList = CA2EC3471F29B53000680F1D /* Build configuration list for PBXNativeTarget "Timer" */;
			buildPhases = (
				CA2EC3311F29B53000680F1D /* Sources */,
				CA2EC3321F29B53000680F1D /* Frameworks */,
				CA2EC3331F29B53000680F1D /* Resources */,
			);
			buildRules = (
			);
			dependencies = (
			);
			name = Timer;
			productName = Timer;
			productReference = CA2EC3351F29B53000680F1D /* Timer.app */;
			productType = "com.apple.product-type.application";
		};
/* End PBXNativeTarget section */

/* Begin PBXProject section */
		CA2EC32D1F29B53000680F1D /* Project object */ = {
			isa = PBXProject;
			attributes = {
				LastSwiftUpdateCheck = 0720;
				LastUpgradeCheck = 0720;
				ORGANIZATIONNAME = mycompany;
				TargetAttributes = {
					CA2EC3341F29B53000680F1D = {
						CreatedOnToolsVersion = 7.2.1;
					};
				};
			};
			buildConfigurationList = CA2EC3301F29B53000680F1D /* Build configuration list for PBXProject "Timer" */;
			compatibilityVersion = "Xcode 3.2";
			developmentRegion = English;
			hasScannedForEncodings = 0;
			knownRegions = (
				en,
				Base,
			);
			mainGroup = CA2EC32C1F29B53000680F1D;
			productRefGroup = CA2EC3361F29B53000680F1D /* Products */;
			projectDirPath = "";
			projectRoot = "";
			targets = (
				CA2EC3341F29B53000680F1D /* Timer */,
			);
		};
/* End PBXProject section */

/* Begin PBXResourcesBuildPhase section */
		CA2EC3331F29B53000680F1D /* Resources */ = {
			isa = PBXResourcesBuildPhase;
			buildActionMask = 2147483647;
			files = (
				CA2EC3431F29B53000680F1D /* LaunchScreen.storyboard in Resources */,
				CA2EC3401F29B53000680F1D /* Assets.xcassets in Resources */,
				CA2EC33E1F29B53000680F1D /* Main.storyboard in Resources */,
			);
			runOnlyForDeploymentPostprocessing = 0;
		};
/* End PBXResourcesBuildPhase section */

/* Begin PBXSourcesBuildPhase section */
		CA2EC3311F29B53000680F1D /* Sources */ = {
			isa = PBXSourcesBuildPhase;
			buildActionMask = 2147483647;
			files = (
				CA2EC33B1F29B53000680F1D /* ViewController.swift in Sources */,
				CA3E6F2D1F2B0502001324BC /* MyDataCollection.swift in Sources */,
				CA2EC3391F29B53000680F1D /* AppDelegate.swift in Sources */,
				CA3E6F291F2AF91A001324BC /* TimeDataTableViewController.swift in Sources */,
				CA3E6F2B1F2B0457001324BC /* MyData.swift in Sources */,
			);
			runOnlyForDeploymentPostprocessing = 0;
		};
/* End PBXSourcesBuildPhase section */

/* Begin PBXVariantGroup section */
		CA2EC33C1F29B53000680F1D /* Main.storyboard */ = {
			isa = PBXVariantGroup;
			children = (
				CA2EC33D1F29B53000680F1D /* Base */,
			);
			name = Main.storyboard;
			sourceTree = "<group>";
		};
		CA2EC3411F29B53000680F1D /* LaunchScreen.storyboard */ = {
			isa = PBXVariantGroup;
			children = (
				CA2EC3421F29B53000680F1D /* Base */,
			);
			name = LaunchScreen.storyboard;
			sourceTree = "<group>";
		};
/* End PBXVariantGroup section */

/* Begin XCBuildConfiguration section */
		CA2EC3451F29B53000680F1D /* Debug */ = {
			isa = XCBuildConfiguration;
			buildSettings = {
				ALWAYS_SEARCH_USER_PATHS = NO;
				CLANG_CXX_LANGUAGE_STANDARD = "gnu++0x";
				CLANG_CXX_LIBRARY = "libc++";
				CLANG_ENABLE_MODULES = YES;
				CLANG_ENABLE_OBJC_ARC = YES;
				CLANG_WARN_BOOL_CONVERSION = YES;
				CLANG_WARN_CONSTANT_CONVERSION = YES;
				CLANG_WARN_DIRECT_OBJC_ISA_USAGE = YES_ERROR;
				CLANG_WARN_EMPTY_BODY = YES;
				CLANG_WARN_ENUM_CONVERSION = YES;
				CLANG_WARN_INT_CONVERSION = YES;
				CLANG_WARN_OBJC_ROOT_CLASS = YES_ERROR;
				CLANG_WARN_UNREACHABLE_CODE = YES;
				CLANG_WARN__DUPLICATE_METHOD_MATCH = YES;
				"CODE_SIGN_IDENTITY[sdk=iphoneos*]" = "iPhone Developer";
				COPY_PHASE_STRIP = NO;
				DEBUG_INFORMATION_FORMAT = dwarf;
				ENABLE_STRICT_OBJC_MSGSEND = YES;
				ENABLE_TESTABILITY = YES;
				GCC_C_LANGUAGE_STANDARD = gnu99;
				GCC_DYNAMIC_NO_PIC = NO;
				GCC_NO_COMMON_BLOCKS = YES;
				GCC_OPTIMIZATION_LEVEL = 0;
				GCC_PREPROCESSOR_DEFINITIONS = (
					"DEBUG=1",
					"$(inherited)",
				);
				GCC_WARN_64_TO_32_BIT_CONVERSION = YES;
				GCC_WARN_ABOUT_RETURN_TYPE = YES_ERROR;
				GCC_WARN_UNDECLARED_SELECTOR = YES;
				GCC_WARN_UNINITIALIZED_AUTOS = YES_AGGRESSIVE;
				GCC_WARN_UNUSED_FUNCTION = YES;
				GCC_WARN_UNUSED_VARIABLE = YES;
				IPHONEOS_DEPLOYMENT_TARGET = 9.2;
				MTL_ENABLE_DEBUG_INFO = YES;
				ONLY_ACTIVE_ARCH = YES;
				SDKROOT = iphoneos;
				SWIFT_OPTIMIZATION_LEVEL = "-Onone";
			};
			name = Debug;
		};
		CA2EC3461F29B53000680F1D /* Release */ = {
			isa = XCBuildConfiguration;
			buildSettings = {
				ALWAYS_SEARCH_USER_PATHS = NO;
				CLANG_CXX_LANGUAGE_STANDARD = "gnu++0x";
				CLANG_CXX_LIBRARY = "libc++";
				CLANG_ENABLE_MODULES = YES;
				CLANG_ENABLE_OBJC_ARC = YES;
				CLANG_WARN_BOOL_CONVERSION = YES;
				CLANG_WARN_CONSTANT_CONVERSION = YES;
				CLANG_WARN_DIRECT_OBJC_ISA_USAGE = YES_ERROR;
				CLANG_WARN_EMPTY_BODY = YES;
				CLANG_WARN_ENUM_CONVERSION = YES;
				CLANG_WARN_INT_CONVERSION = YES;
				CLANG_WARN_OBJC_ROOT_CLASS = YES_ERROR;
				CLANG_WARN_UNREACHABLE_CODE = YES;
				CLANG_WARN__DUPLICATE_METHOD_MATCH = YES;
				"CODE_SIGN_IDENTITY[sdk=iphoneos*]" = "iPhone Developer";
				COPY_PHASE_STRIP = NO;
				DEBUG_INFORMATION_FORMAT = "dwarf-with-dsym";
				ENABLE_NS_ASSERTIONS = NO;
				ENABLE_STRICT_OBJC_MSGSEND = YES;
				GCC_C_LANGUAGE_STANDARD = gnu99;
				GCC_NO_COMMON_BLOCKS = YES;
				GCC_WARN_64_TO_32_BIT_CONVERSION = YES;
				GCC_WARN_ABOUT_RETURN_TYPE = YES_ERROR;
				GCC_WARN_UNDECLARED_SELECTOR = YES;
				GCC_WARN_UNINITIALIZED_AUTOS = YES_AGGRESSIVE;
				GCC_WARN_UNUSED_FUNCTION = YES;
				GCC_WARN_UNUSED_VARIABLE = YES;
				IPHONEOS_DEPLOYMENT_TARGET = 9.2;
				MTL_ENABLE_DEBUG_INFO = NO;
				SDKROOT = iphoneos;
				VALIDATE_PRODUCT = YES;
			};
			name = Release;
		};
		CA2EC3481F29B53000680F1D /* Debug */ = {
			isa = XCBuildConfiguration;
			buildSettings = {
				ASSETCATALOG_COMPILER_APPICON_NAME = AppIcon;
				INFOPLIST_FILE = Timer/Info.plist;
				LD_RUNPATH_SEARCH_PATHS = "$(inherited) @executable_path/Frameworks";
				PRODUCT_BUNDLE_IDENTIFIER = com.mycompany.Timer;
				PRODUCT_NAME = "$(TARGET_NAME)";
			};
			name = Debug;
		};
		CA2EC3491F29B53000680F1D /* Release */ = {
			isa = XCBuildConfiguration;
			buildSettings = {
				ASSETCATALOG_COMPILER_APPICON_NAME = AppIcon;
				INFOPLIST_FILE = Timer/Info.plist;
				LD_RUNPATH_SEARCH_PATHS = "$(inherited) @executable_path/Frameworks";
				PRODUCT_BUNDLE_IDENTIFIER = com.mycompany.Timer;
				PRODUCT_NAME = "$(TARGET_NAME)";
			};
			name = Release;
		};
/* End XCBuildConfiguration section */

/* Begin XCConfigurationList section */
		CA2EC3301F29B53000680F1D /* Build configuration list for PBXProject "Timer" */ = {
			isa = XCConfigurationList;
			buildConfigurations = (
				CA2EC3451F29B53000680F1D /* Debug */,
				CA2EC3461F29B53000680F1D /* Release */,
			);
			defaultConfigurationIsVisible = 0;
			defaultConfigurationName = Release;
		};
		CA2EC3471F29B53000680F1D /* Build configuration list for PBXNativeTarget "Timer" */ = {
			isa = XCConfigurationList;
			buildConfigurations = (
				CA2EC3481F29B53000680F1D /* Debug */,
				CA2EC3491F29B53000680F1D /* Release */,
			);
			defaultConfigurationIsVisible = 0;
			defaultConfigurationName = Release;
		};
/* End XCConfigurationList section */
	};
	rootObject = CA2EC32D1F29B53000680F1D /* Project object */;
}
